
Microsoft Visual Studio Solution File, Format Version 12.00
# Visual Studio 15
Project("{FAE04EC0-301F-11D3-BF4B-00C04F79EFBC}") = "Assembly-CSharp", "Assembly-CSharp.csproj", "{23B38FA3-CF40-B6E6-5BBD-A958D1189576}"
EndProject
Project("{FAE04EC0-301F-11D3-BF4B-00C04F79EFBC}") = "Assembly-CSharp-Editor", "Assembly-CSharp-Editor.csproj", "{0DD61EB0-9196-935F-8639-74FDFEDC0EFB}"
EndProject
Global
	GlobalSection(SolutionConfigurationPlatforms) = preSolution
		Debug|Any CPU = Debug|Any CPU
		Release|Any CPU = Release|Any CPU
	EndGlobalSection
	GlobalSection(ProjectConfigurationPlatforms) = postSolution
		{23B38FA3-CF40-B6E6-5BBD-A958D1189576}.Debug|Any CPU.ActiveCfg = Debug|Any CPU
		{23B38FA3-CF40-B6E6-5BBD-A958D1189576}.Debug|Any CPU.Build.0 = Debug|Any CPU
		{23B38FA3-CF40-B6E6-5BBD-A958D1189576}.Release|Any CPU.ActiveCfg = Release|Any CPU
		{23B38FA3-CF40-B6E6-5BBD-A958D1189576}.Release|Any CPU.Build.0 = Release|Any CPU
		{0DD61EB0-9196-935F-8639-74FDFEDC0EFB}.Debug|Any CPU.ActiveCfg = Debug|Any CPU
		{0DD61EB0-9196-935F-8639-74FDFEDC0EFB}.Debug|Any CPU.Build.0 = Debug|Any CPU
		{0DD61EB0-9196-935F-8639-74FDFEDC0EFB}.Release|Any CPU.ActiveCfg = Release|Any CPU
		{0DD61EB0-9196-935F-8639-74FDFEDC0EFB}.Release|Any CPU.Build.0 = Release|Any CPU
	EndGlobalSection
	GlobalSection(SolutionProperties) = preSolution
		HideSolutionNode = FALSE
	EndGlobalSection
EndGlobal
